
Microsoft Visual Studio Solution File, Format Version 12.00
# Visual Studio Version 16
VisualStudioVersion = 16.0.30320.27
MinimumVisualStudioVersion = 10.0.40219.1
Project("{9A19103F-16F7-4668-BE54-9A1E7A4F7556}") = "DeTai.ThucTap.Data", "DeTai.ThucTap.Data\DeTai.ThucTap.Data.csproj", "{A662C93C-FB1B-4B4E-9F33-0EF0D91A665B}"
EndProject
Project("{9A19103F-16F7-4668-BE54-9A1E7A4F7556}") = "DeTai.ThucTap.Domain", "DeTai.ThucTap.Domain\DeTai.ThucTap.Domain.csproj", "{1B5965EF-00D1-4034-A149-7CCB3BD54C76}"
EndProject
Project("{9A19103F-16F7-4668-BE54-9A1E7A4F7556}") = "DeTai.ThucTap.Api", "DeTai.ThucTap.Api\DeTai.ThucTap.Api.csproj", "{51BBC951-32F9-4276-8872-C0D91E850821}"
EndProject
Project("{9A19103F-16F7-4668-BE54-9A1E7A4F7556}") = "DeTai.ThucTap.Application", "DeTai.ThucTap.Application\DeTai.ThucTap.Application.csproj", "{DDB07FC3-0EAA-42A2-ACF1-12D3E54A131F}"
EndProject
Global
	GlobalSection(SolutionConfigurationPlatforms) = preSolution
		Debug|Any CPU = Debug|Any CPU
		Release|Any CPU = Release|Any CPU
	EndGlobalSection
	GlobalSection(ProjectConfigurationPlatforms) = postSolution
		{A662C93C-FB1B-4B4E-9F33-0EF0D91A665B}.Debug|Any CPU.ActiveCfg = Debug|Any CPU
		{A662C93C-FB1B-4B4E-9F33-0EF0D91A665B}.Debug|Any CPU.Build.0 = Debug|Any CPU
		{A662C93C-FB1B-4B4E-9F33-0EF0D91A665B}.Release|Any CPU.ActiveCfg = Release|Any CPU
		{A662C93C-FB1B-4B4E-9F33-0EF0D91A665B}.Release|Any CPU.Build.0 = Release|Any CPU
		{1B5965EF-00D1-4034-A149-7CCB3BD54C76}.Debug|Any CPU.ActiveCfg = Debug|Any CPU
		{1B5965EF-00D1-4034-A149-7CCB3BD54C76}.Debug|Any CPU.Build.0 = Debug|Any CPU
		{1B5965EF-00D1-4034-A149-7CCB3BD54C76}.Release|Any CPU.ActiveCfg = Release|Any CPU
		{1B5965EF-00D1-4034-A149-7CCB3BD54C76}.Release|Any CPU.Build.0 = Release|Any CPU
		{51BBC951-32F9-4276-8872-C0D91E850821}.Debug|Any CPU.ActiveCfg = Debug|Any CPU
		{51BBC951-32F9-4276-8872-C0D91E850821}.Debug|Any CPU.Build.0 = Debug|Any CPU
		{51BBC951-32F9-4276-8872-C0D91E850821}.Release|Any CPU.ActiveCfg = Release|Any CPU
		{51BBC951-32F9-4276-8872-C0D91E850821}.Release|Any CPU.Build.0 = Release|Any CPU
		{DDB07FC3-0EAA-42A2-ACF1-12D3E54A131F}.Debug|Any CPU.ActiveCfg = Debug|Any CPU
		{DDB07FC3-0EAA-42A2-ACF1-12D3E54A131F}.Debug|Any CPU.Build.0 = Debug|Any CPU
		{DDB07FC3-0EAA-42A2-ACF1-12D3E54A131F}.Release|Any CPU.ActiveCfg = Release|Any CPU
		{DDB07FC3-0EAA-42A2-ACF1-12D3E54A131F}.Release|Any CPU.Build.0 = Release|Any CPU
	EndGlobalSection
	GlobalSection(SolutionProperties) = preSolution
		HideSolutionNode = FALSE
	EndGlobalSection
	GlobalSection(ExtensibilityGlobals) = postSolution
		SolutionGuid = {AB4BD20D-C165-431A-BA3C-2AAF62A9EA88}
	EndGlobalSection
EndGlobal
